
Microsoft Visual Studio Solution File, Format Version 12.00
# Visual Studio Version 17
VisualStudioVersion = 17.2.32526.322
MinimumVisualStudioVersion = 10.0.40219.1
Project("{FAE04EC0-301F-11D3-BF4B-00C04F79EFBC}") = "TCWPlace", "TCWPlace\TCWPlace.csproj", "{320C3CD3-2A8C-4D5D-A851-6619C0627A45}"
EndProject
Global
	GlobalSection(SolutionConfigurationPlatforms) = preSolution
		Debug|Any CPU = Debug|Any CPU
		Release|Any CPU = Release|Any CPU
	EndGlobalSection
	GlobalSection(ProjectConfigurationPlatforms) = postSolution
		{320C3CD3-2A8C-4D5D-A851-6619C0627A45}.Debug|Any CPU.ActiveCfg = Debug|Any CPU
		{320C3CD3-2A8C-4D5D-A851-6619C0627A45}.Debug|Any CPU.Build.0 = Debug|Any CPU
		{320C3CD3-2A8C-4D5D-A851-6619C0627A45}.Release|Any CPU.ActiveCfg = Release|Any CPU
		{320C3CD3-2A8C-4D5D-A851-6619C0627A45}.Release|Any CPU.Build.0 = Release|Any CPU
	EndGlobalSection
	GlobalSection(SolutionProperties) = preSolution
		HideSolutionNode = FALSE
	EndGlobalSection
	GlobalSection(ExtensibilityGlobals) = postSolution
		SolutionGuid = {E07ED914-E7E6-42FF-846A-22C95A705CB5}
	EndGlobalSection
EndGlobal
